
Microsoft Visual Studio Solution File, Format Version 12.00
# Visual Studio Version 17
VisualStudioVersion = 17.3.32901.215
MinimumVisualStudioVersion = 10.0.40219.1
Project("{FAE04EC0-301F-11D3-BF4B-00C04F79EFBC}") = "task_01_11", "task_01_11\task_01_11.csproj", "{FD1D8E04-53D8-4796-9707-73EE4FDB4E8A}"
EndProject
Global
	GlobalSection(SolutionConfigurationPlatforms) = preSolution
		Debug|Any CPU = Debug|Any CPU
		Release|Any CPU = Release|Any CPU
	EndGlobalSection
	GlobalSection(ProjectConfigurationPlatforms) = postSolution
		{FD1D8E04-53D8-4796-9707-73EE4FDB4E8A}.Debug|Any CPU.ActiveCfg = Debug|Any CPU
		{FD1D8E04-53D8-4796-9707-73EE4FDB4E8A}.Debug|Any CPU.Build.0 = Debug|Any CPU
		{FD1D8E04-53D8-4796-9707-73EE4FDB4E8A}.Release|Any CPU.ActiveCfg = Release|Any CPU
		{FD1D8E04-53D8-4796-9707-73EE4FDB4E8A}.Release|Any CPU.Build.0 = Release|Any CPU
	EndGlobalSection
	GlobalSection(SolutionProperties) = preSolution
		HideSolutionNode = FALSE
	EndGlobalSection
	GlobalSection(ExtensibilityGlobals) = postSolution
		SolutionGuid = {126AED21-D4B1-4C37-B80F-D5387665FB1B}
	EndGlobalSection
EndGlobal
