
Microsoft Visual Studio Solution File, Format Version 12.00
# Visual Studio Version 17
VisualStudioVersion = 17.3.32901.215
MinimumVisualStudioVersion = 10.0.40219.1
Project("{FAE04EC0-301F-11D3-BF4B-00C04F79EFBC}") = "task1710", "task1710\task1710.csproj", "{F7D4B6D4-A1B8-4706-AFB6-15C6CF2C7EEE}"
EndProject
Global
	GlobalSection(SolutionConfigurationPlatforms) = preSolution
		Debug|Any CPU = Debug|Any CPU
		Release|Any CPU = Release|Any CPU
	EndGlobalSection
	GlobalSection(ProjectConfigurationPlatforms) = postSolution
		{F7D4B6D4-A1B8-4706-AFB6-15C6CF2C7EEE}.Debug|Any CPU.ActiveCfg = Debug|Any CPU
		{F7D4B6D4-A1B8-4706-AFB6-15C6CF2C7EEE}.Debug|Any CPU.Build.0 = Debug|Any CPU
		{F7D4B6D4-A1B8-4706-AFB6-15C6CF2C7EEE}.Release|Any CPU.ActiveCfg = Release|Any CPU
		{F7D4B6D4-A1B8-4706-AFB6-15C6CF2C7EEE}.Release|Any CPU.Build.0 = Release|Any CPU
	EndGlobalSection
	GlobalSection(SolutionProperties) = preSolution
		HideSolutionNode = FALSE
	EndGlobalSection
	GlobalSection(ExtensibilityGlobals) = postSolution
		SolutionGuid = {A5A83987-0075-4CEC-861D-E520B7A5DF18}
	EndGlobalSection
EndGlobal
