
Microsoft Visual Studio Solution File, Format Version 12.00
# Visual Studio Version 17
VisualStudioVersion = 17.3.32901.215
MinimumVisualStudioVersion = 10.0.40219.1
Project("{FAE04EC0-301F-11D3-BF4B-00C04F79EFBC}") = "lesson1710", "lesson1710\lesson1710.csproj", "{4D3FEB65-712C-47AC-8504-25EFBA103F2D}"
EndProject
Global
	GlobalSection(SolutionConfigurationPlatforms) = preSolution
		Debug|Any CPU = Debug|Any CPU
		Release|Any CPU = Release|Any CPU
	EndGlobalSection
	GlobalSection(ProjectConfigurationPlatforms) = postSolution
		{4D3FEB65-712C-47AC-8504-25EFBA103F2D}.Debug|Any CPU.ActiveCfg = Debug|Any CPU
		{4D3FEB65-712C-47AC-8504-25EFBA103F2D}.Debug|Any CPU.Build.0 = Debug|Any CPU
		{4D3FEB65-712C-47AC-8504-25EFBA103F2D}.Release|Any CPU.ActiveCfg = Release|Any CPU
		{4D3FEB65-712C-47AC-8504-25EFBA103F2D}.Release|Any CPU.Build.0 = Release|Any CPU
	EndGlobalSection
	GlobalSection(SolutionProperties) = preSolution
		HideSolutionNode = FALSE
	EndGlobalSection
	GlobalSection(ExtensibilityGlobals) = postSolution
		SolutionGuid = {8FA203A7-80B1-4C12-88BF-D7234FB6E8A2}
	EndGlobalSection
EndGlobal
